{
  "version": "5",
  "specifiers": {
    "jsr:@hono/hono@*": "4.9.10",
    "jsr:@std/assert@*": "1.0.7",
    "jsr:@std/cli@*": "1.0.22",
    "jsr:@std/dotenv@*": "0.225.2",
    "jsr:@std/fs@*": "1.0.19",
    "jsr:@std/internal@^1.0.10": "1.0.10",
    "jsr:@std/internal@^1.0.5": "1.0.10",
    "jsr:@std/internal@^1.0.9": "1.0.10",
    "jsr:@std/path@*": "1.0.8",
    "jsr:@std/path@^1.1.1": "1.1.2",
    "jsr:@std/uuid@*": "1.0.7",
    "jsr:@std/yaml@*": "1.0.9",
    "npm:@google/generative-ai@*": "0.24.1",
    "npm:bcryptjs@2.4.3": "2.4.3",
    "npm:mongodb@*": "6.10.0",
    "npm:mongodb@^6.20.0": "6.20.0",
    "npm:sanitize-filename-ts@*": "1.0.2"
  },
  "jsr": {
    "@hono/hono@4.9.10": {
      "integrity": "b416cf3bf42e33353e37ea13df409b08bd9a67fabc5fca630f76924fbadb01e5"
    },
    "@std/assert@1.0.7": {
      "integrity": "64ce9fac879e0b9f3042a89b3c3f8ccfc9c984391af19e2087513a79d73e28c3",
      "dependencies": [
        "jsr:@std/internal@^1.0.5"
      ]
    },
    "@std/cli@1.0.22": {
      "integrity": "50d1e4f87887cb8a8afa29b88505ab5081188f5cad3985460c3b471fa49ff21a"
    },
    "@std/dotenv@0.225.2": {
      "integrity": "e2025dce4de6c7bca21dece8baddd4262b09d5187217e231b033e088e0c4dd23"
    },
    "@std/fs@1.0.19": {
      "integrity": "051968c2b1eae4d2ea9f79a08a3845740ef6af10356aff43d3e2ef11ed09fb06",
      "dependencies": [
        "jsr:@std/internal@^1.0.9",
        "jsr:@std/path@^1.1.1"
      ]
    },
    "@std/internal@1.0.10": {
      "integrity": "e3be62ce42cab0e177c27698e5d9800122f67b766a0bea6ca4867886cbde8cf7"
    },
    "@std/path@1.0.8": {
      "integrity": "548fa456bb6a04d3c1a1e7477986b6cffbce95102d0bb447c67c4ee70e0364be"
    },
    "@std/path@1.1.2": {
      "integrity": "c0b13b97dfe06546d5e16bf3966b1cadf92e1cc83e56ba5476ad8b498d9e3038",
      "dependencies": [
        "jsr:@std/internal@^1.0.10"
      ]
    },
    "@std/uuid@1.0.7": {
      "integrity": "6885db5cd60794049d1661b5cf06b1e1ed65b2affd054ec8b06da7d2efd421ca"
    },
    "@std/yaml@1.0.9": {
      "integrity": "6bad3dc766dd85b4b37eabcba81b6aa4eac7a392792ae29abcfb0f90602d55bb"
    }
  },
  "npm": {
    "@google/generative-ai@0.24.1": {
      "integrity": "sha512-MqO+MLfM6kjxcKoy0p1wRzG3b4ZZXtPI+z2IE26UogS2Cm/XHO+7gGRBh6gcJsOiIVoH93UwKvW4HdgiOZCy9Q=="
    },
    "@mongodb-js/saslprep@1.1.9": {
      "integrity": "sha512-tVkljjeEaAhCqTzajSdgbQ6gE6f3oneVwa3iXR6csiEwXXOFsiC6Uh9iAjAhXPtqa/XMDHWjjeNH/77m/Yq2dw==",
      "dependencies": [
        "sparse-bitfield"
      ]
    },
    "@mongodb-js/saslprep@1.3.1": {
      "integrity": "sha512-6nZrq5kfAz0POWyhljnbWQQJQ5uT8oE2ddX303q1uY0tWsivWKgBDXBBvuFPwOqRRalXJuVO9EjOdVtuhLX0zg==",
      "dependencies": [
        "sparse-bitfield"
      ]
    },
    "@types/webidl-conversions@7.0.3": {
      "integrity": "sha512-CiJJvcRtIgzadHCYXw7dqEnMNRjhGZlYK05Mj9OyktqV8uVT8fD2BFOB7S1uwBE3Kj2Z+4UyPmFw/Ixgw/LAlA=="
    },
    "@types/whatwg-url@11.0.5": {
      "integrity": "sha512-coYR071JRaHa+xoEvvYqvnIHaVqaYrLPbsufM9BF63HkwI5Lgmy2QR8Q5K/lYDYo5AK82wOvSOS0UsLTpTG7uQ==",
      "dependencies": [
        "@types/webidl-conversions"
      ]
    },
    "bcryptjs@2.4.3": {
      "integrity": "sha512-V/Hy/X9Vt7f3BbPJEi8BdVFMByHi+jNXrYkW3huaybV/kQ0KJg0Y6PkEMbn+zeT+i+SiKZ/HMqJGIIt4LZDqNQ=="
    },
    "bson@6.10.4": {
      "integrity": "sha512-WIsKqkSC0ABoBJuT1LEX+2HEvNmNKKgnTAyd0fL8qzK4SH2i9NXg+t08YtdZp/V9IZ33cxe3iV4yM0qg8lMQng=="
    },
    "bson@6.9.0": {
      "integrity": "sha512-X9hJeyeM0//Fus+0pc5dSUMhhrrmWwQUtdavaQeF3Ta6m69matZkGWV/MrBcnwUeLC8W9kwwc2hfkZgUuCX3Ig==",
      "deprecated": true
    },
    "memory-pager@1.5.0": {
      "integrity": "sha512-ZS4Bp4r/Zoeq6+NLJpP+0Zzm0pR8whtGPf1XExKLJBAczGMnSi3It14OiNCStjQjM6NU1okjQGSxgEZN8eBYKg=="
    },
    "mongodb-connection-string-url@3.0.1": {
      "integrity": "sha512-XqMGwRX0Lgn05TDB4PyG2h2kKO/FfWJyCzYQbIhXUxz7ETt0I/FqHjUeqj37irJ+Dl1ZtU82uYyj14u2XsZKfg==",
      "dependencies": [
        "@types/whatwg-url",
        "whatwg-url"
      ]
    },
    "mongodb-connection-string-url@3.0.2": {
      "integrity": "sha512-rMO7CGo/9BFwyZABcKAWL8UJwH/Kc2x0g72uhDWzG48URRax5TCIcJ7Rc3RZqffZzO/Gwff/jyKwCU9TN8gehA==",
      "dependencies": [
        "@types/whatwg-url",
        "whatwg-url"
      ]
    },
    "mongodb@6.10.0": {
      "integrity": "sha512-gP9vduuYWb9ZkDM546M+MP2qKVk5ZG2wPF63OvSRuUbqCR+11ZCAE1mOfllhlAG0wcoJY5yDL/rV3OmYEwXIzg==",
      "dependencies": [
        "@mongodb-js/saslprep@1.1.9",
        "bson@6.9.0",
        "mongodb-connection-string-url@3.0.1"
      ]
    },
    "mongodb@6.20.0": {
      "integrity": "sha512-Tl6MEIU3K4Rq3TSHd+sZQqRBoGlFsOgNrH5ltAcFBV62Re3Fd+FcaVf8uSEQFOJ51SDowDVttBTONMfoYWrWlQ==",
      "dependencies": [
        "@mongodb-js/saslprep@1.3.1",
        "bson@6.10.4",
        "mongodb-connection-string-url@3.0.2"
      ]
    },
    "punycode@2.3.1": {
      "integrity": "sha512-vYt7UD1U9Wg6138shLtLOvdAu+8DsC/ilFtEVHcH+wydcSpNE20AfSOduf6MkRFahL5FY7X1oU7nKVZFtfq8Fg=="
    },
    "sanitize-filename-ts@1.0.2": {
      "integrity": "sha512-bON2VOJoappmaBHlnxvBNk5R7HkUAsirf5m1M5Kz15uZykDGbHfGPCQNcEQKR8HrQhgh9CmQ6Xe9y71yM9ywkw==",
      "dependencies": [
        "truncate-utf8-bytes"
      ]
    },
    "sparse-bitfield@3.0.3": {
      "integrity": "sha512-kvzhi7vqKTfkh0PZU+2D2PIllw2ymqJKujUcyPMd9Y75Nv4nPbGJZXNhxsgdQab2BmlDct1YnfQCguEvHr7VsQ==",
      "dependencies": [
        "memory-pager"
      ]
    },
    "tr46@4.1.1": {
      "integrity": "sha512-2lv/66T7e5yNyhAAC4NaKe5nVavzuGJQVVtRYLyQ2OI8tsJ61PMLlelehb0wi2Hx6+hT/OJUWZcw8MjlSRnxvw==",
      "dependencies": [
        "punycode"
      ]
    },
    "truncate-utf8-bytes@1.0.2": {
      "integrity": "sha512-95Pu1QXQvruGEhv62XCMO3Mm90GscOCClvrIUwCM0PYOXK3kaF3l3sIHxx71ThJfcbM2O5Au6SO3AWCSEfW4mQ==",
      "dependencies": [
        "utf8-byte-length"
      ]
    },
    "utf8-byte-length@1.0.5": {
      "integrity": "sha512-Xn0w3MtiQ6zoz2vFyUVruaCL53O/DwUvkEeOvj+uulMm0BkUGYWmBYVyElqZaSLhY6ZD0ulfU3aBra2aVT4xfA=="
    },
    "webidl-conversions@7.0.0": {
      "integrity": "sha512-VwddBukDzu71offAQR975unBIGqfKZpM+8ZX6ySk8nYhVoo5CYaZyzt3YBvYtRtO+aoGlqxPg/B87NGVZ/fu6g=="
    },
    "whatwg-url@13.0.0": {
      "integrity": "sha512-9WWbymnqj57+XEuqADHrCJ2eSXzn8WXIW/YSGaZtb2WKAInQ6CHfaUUcTyyver0p8BDg5StLQq8h1vtZuwmOig==",
      "dependencies": [
        "tr46",
        "webidl-conversions"
      ]
    }
  },
  "redirects": {
    "https://esm.sh/unist-util-is@^6.0.0?target=denonext": "https://esm.sh/unist-util-is@6.0.0?target=denonext",
    "https://esm.sh/unist-util-visit-parents@^6.0.0?target=denonext": "https://esm.sh/unist-util-visit-parents@6.0.1?target=denonext",
    "https://esm.sh/unist-util-visit@5": "https://esm.sh/unist-util-visit@5.0.0"
  },
  "remote": {
    "https://esm.sh/unist-util-is@6.0.0/denonext/unist-util-is.mjs": "bbc00c612fd8daa022e50a0061856c52be17e0caa699dffa1e7b83b3bbe7b9f2",
    "https://esm.sh/unist-util-is@6.0.0?target=denonext": "7ac7092e893f27ed8edacb142d04dcc37169fdcfaa2ae8833a51fb9762d5e41f",
    "https://esm.sh/unist-util-visit-parents@6.0.1/denonext/do-not-use-color.mjs": "94b57609e52050f8d615ab3d096a2efb7183053a494dee89f9af2fe6c8fb9f0b",
    "https://esm.sh/unist-util-visit-parents@6.0.1/denonext/unist-util-visit-parents.mjs": "8a147d91f7a2850549a66368715bbc7c4f057d5985c8606406cd39a1970d3b06",
    "https://esm.sh/unist-util-visit-parents@6.0.1?target=denonext": "d34dfd64dfda160231fe9a0dbf994475b1d5194b2874d9c3309593e942f85ae8",
    "https://esm.sh/unist-util-visit@5.0.0": "c877716ff21eeb6c104d3fc273bd29962611c2b6eed815be90aa1dbffc448b06",
    "https://esm.sh/unist-util-visit@5.0.0/denonext/unist-util-visit.mjs": "a09fab16c3eafd466e5b5dab65ab76cb8f1eafa360b457eef35a529f59725d7f"
  },
  "workspace": {
    "dependencies": [
      "npm:bcryptjs@2.4.3"
    ],
    "packageJson": {
      "dependencies": [
        "npm:mongodb@^6.20.0"
      ]
    }
  }
}
